{
  "version": 1,
  "dependencies": {
    "net8.0-windows7.0": {
      "DalamudPackager": {
        "type": "Direct",
        "requested": "[2.1.13, )",
        "resolved": "2.1.13",
        "contentHash": "rMN1omGe8536f4xLMvx9NwfvpAc9YFFfeXJ1t4P4PE6Gu8WCIoFliR1sh07hM+bfODmesk/dvMbji7vNI+B/pQ=="
      },
      "launchpad-dot-net": {
        "type": "Direct",
        "requested": "[2.2.2, )",
        "resolved": "2.2.2",
        "contentHash": "Ig2sdkzM4pRgetd0wtyuPnyw5frURS23FUuiTp9QvhOkrGpKBbX0VmSwYyfuQzf5r+I5qNxRL+Hji7/JKDvXag==",
        "dependencies": {
          "midi-dot-net2": "2.0.1"
        }
      },
      "midi-dot-net2": {
        "type": "Transitive",
        "resolved": "2.0.1",
        "contentHash": "sxaCOdPrgAxlO8E3Mva7TfUpzAc/1bBBdZy2jZXScwkgvdEbRbMlzmkCndJzGQnVuTpnjMGrzU2gZpImZrGWBQ=="
      }
    }
  }
}